
Microsoft Visual Studio Solution File, Format Version 12.00
# Visual Studio 14
VisualStudioVersion = 14.0.25420.1
MinimumVisualStudioVersion = 10.0.40219.1
Project("{FAE04EC0-301F-11D3-BF4B-00C04F79EFBC}") = "HMQService", "HMQService\HMQService.csproj", "{5C40E3C1-F6EA-4EFA-BE92-A4775FB7EB56}"
EndProject
Project("{FAE04EC0-301F-11D3-BF4B-00C04F79EFBC}") = "AviFile", "AviFile\AviFile.csproj", "{ABB32A29-AF50-47FA-B243-5FD75A5ABA54}"
EndProject
Project("{FAE04EC0-301F-11D3-BF4B-00C04F79EFBC}") = "TcpClient", "TcpClient\TcpClient.csproj", "{D9468B8B-E557-442E-BB96-E289E47F3DE3}"
EndProject
Project("{FAE04EC0-301F-11D3-BF4B-00C04F79EFBC}") = "HMQConfig", "HMQConfig\HMQConfig.csproj", "{776AAAF1-F508-4E4A-AE92-DAC095E10C57}"
EndProject
Project("{FAE04EC0-301F-11D3-BF4B-00C04F79EFBC}") = "BekUtils", "BekUtils\BekUtils.csproj", "{B23C52C0-63C4-4CFE-BCD1-978402C2B709}"
EndProject
Project("{FAE04EC0-301F-11D3-BF4B-00C04F79EFBC}") = "HikUtils", "HikUtils\HikUtils.csproj", "{E199F364-C398-44D0-9EFA-1D63FFF54DDB}"
EndProject
Project("{FAE04EC0-301F-11D3-BF4B-00C04F79EFBC}") = "HMQServiceDaemon", "HMQServiceDaemon\HMQServiceDaemon.csproj", "{5B410789-7396-42B6-82E5-443372D71F77}"
EndProject
Global
	GlobalSection(SolutionConfigurationPlatforms) = preSolution
		Debug|Any CPU = Debug|Any CPU
		Debug|x86 = Debug|x86
		Release|Any CPU = Release|Any CPU
		Release|x86 = Release|x86
	EndGlobalSection
	GlobalSection(ProjectConfigurationPlatforms) = postSolution
		{5C40E3C1-F6EA-4EFA-BE92-A4775FB7EB56}.Debug|Any CPU.ActiveCfg = Debug|Any CPU
		{5C40E3C1-F6EA-4EFA-BE92-A4775FB7EB56}.Debug|Any CPU.Build.0 = Debug|Any CPU
		{5C40E3C1-F6EA-4EFA-BE92-A4775FB7EB56}.Debug|x86.ActiveCfg = Debug|x86
		{5C40E3C1-F6EA-4EFA-BE92-A4775FB7EB56}.Debug|x86.Build.0 = Debug|x86
		{5C40E3C1-F6EA-4EFA-BE92-A4775FB7EB56}.Release|Any CPU.ActiveCfg = Release|Any CPU
		{5C40E3C1-F6EA-4EFA-BE92-A4775FB7EB56}.Release|Any CPU.Build.0 = Release|Any CPU
		{5C40E3C1-F6EA-4EFA-BE92-A4775FB7EB56}.Release|x86.ActiveCfg = Release|x86
		{5C40E3C1-F6EA-4EFA-BE92-A4775FB7EB56}.Release|x86.Build.0 = Release|x86
		{ABB32A29-AF50-47FA-B243-5FD75A5ABA54}.Debug|Any CPU.ActiveCfg = Debug|Any CPU
		{ABB32A29-AF50-47FA-B243-5FD75A5ABA54}.Debug|Any CPU.Build.0 = Debug|Any CPU
		{ABB32A29-AF50-47FA-B243-5FD75A5ABA54}.Debug|x86.ActiveCfg = Debug|x86
		{ABB32A29-AF50-47FA-B243-5FD75A5ABA54}.Debug|x86.Build.0 = Debug|x86
		{ABB32A29-AF50-47FA-B243-5FD75A5ABA54}.Release|Any CPU.ActiveCfg = Release|Any CPU
		{ABB32A29-AF50-47FA-B243-5FD75A5ABA54}.Release|Any CPU.Build.0 = Release|Any CPU
		{ABB32A29-AF50-47FA-B243-5FD75A5ABA54}.Release|x86.ActiveCfg = Release|x86
		{ABB32A29-AF50-47FA-B243-5FD75A5ABA54}.Release|x86.Build.0 = Release|x86
		{D9468B8B-E557-442E-BB96-E289E47F3DE3}.Debug|Any CPU.ActiveCfg = Debug|Any CPU
		{D9468B8B-E557-442E-BB96-E289E47F3DE3}.Debug|Any CPU.Build.0 = Debug|Any CPU
		{D9468B8B-E557-442E-BB96-E289E47F3DE3}.Debug|x86.ActiveCfg = Debug|x86
		{D9468B8B-E557-442E-BB96-E289E47F3DE3}.Debug|x86.Build.0 = Debug|x86
		{D9468B8B-E557-442E-BB96-E289E47F3DE3}.Release|Any CPU.ActiveCfg = Release|Any CPU
		{D9468B8B-E557-442E-BB96-E289E47F3DE3}.Release|Any CPU.Build.0 = Release|Any CPU
		{D9468B8B-E557-442E-BB96-E289E47F3DE3}.Release|x86.ActiveCfg = Release|x86
		{D9468B8B-E557-442E-BB96-E289E47F3DE3}.Release|x86.Build.0 = Release|x86
		{776AAAF1-F508-4E4A-AE92-DAC095E10C57}.Debug|Any CPU.ActiveCfg = Debug|Any CPU
		{776AAAF1-F508-4E4A-AE92-DAC095E10C57}.Debug|Any CPU.Build.0 = Debug|Any CPU
		{776AAAF1-F508-4E4A-AE92-DAC095E10C57}.Debug|x86.ActiveCfg = Debug|x86
		{776AAAF1-F508-4E4A-AE92-DAC095E10C57}.Debug|x86.Build.0 = Debug|x86
		{776AAAF1-F508-4E4A-AE92-DAC095E10C57}.Release|Any CPU.ActiveCfg = Release|Any CPU
		{776AAAF1-F508-4E4A-AE92-DAC095E10C57}.Release|Any CPU.Build.0 = Release|Any CPU
		{776AAAF1-F508-4E4A-AE92-DAC095E10C57}.Release|x86.ActiveCfg = Release|x86
		{776AAAF1-F508-4E4A-AE92-DAC095E10C57}.Release|x86.Build.0 = Release|x86
		{B23C52C0-63C4-4CFE-BCD1-978402C2B709}.Debug|Any CPU.ActiveCfg = Debug|Any CPU
		{B23C52C0-63C4-4CFE-BCD1-978402C2B709}.Debug|Any CPU.Build.0 = Debug|Any CPU
		{B23C52C0-63C4-4CFE-BCD1-978402C2B709}.Debug|x86.ActiveCfg = Debug|x86
		{B23C52C0-63C4-4CFE-BCD1-978402C2B709}.Debug|x86.Build.0 = Debug|x86
		{B23C52C0-63C4-4CFE-BCD1-978402C2B709}.Release|Any CPU.ActiveCfg = Release|Any CPU
		{B23C52C0-63C4-4CFE-BCD1-978402C2B709}.Release|Any CPU.Build.0 = Release|Any CPU
		{B23C52C0-63C4-4CFE-BCD1-978402C2B709}.Release|x86.ActiveCfg = Release|x86
		{B23C52C0-63C4-4CFE-BCD1-978402C2B709}.Release|x86.Build.0 = Release|x86
		{E199F364-C398-44D0-9EFA-1D63FFF54DDB}.Debug|Any CPU.ActiveCfg = Debug|Any CPU
		{E199F364-C398-44D0-9EFA-1D63FFF54DDB}.Debug|Any CPU.Build.0 = Debug|Any CPU
		{E199F364-C398-44D0-9EFA-1D63FFF54DDB}.Debug|x86.ActiveCfg = Debug|x86
		{E199F364-C398-44D0-9EFA-1D63FFF54DDB}.Debug|x86.Build.0 = Debug|x86
		{E199F364-C398-44D0-9EFA-1D63FFF54DDB}.Release|Any CPU.ActiveCfg = Release|Any CPU
		{E199F364-C398-44D0-9EFA-1D63FFF54DDB}.Release|Any CPU.Build.0 = Release|Any CPU
		{E199F364-C398-44D0-9EFA-1D63FFF54DDB}.Release|x86.ActiveCfg = Release|x86
		{E199F364-C398-44D0-9EFA-1D63FFF54DDB}.Release|x86.Build.0 = Release|x86
		{5B410789-7396-42B6-82E5-443372D71F77}.Debug|Any CPU.ActiveCfg = Debug|Any CPU
		{5B410789-7396-42B6-82E5-443372D71F77}.Debug|Any CPU.Build.0 = Debug|Any CPU
		{5B410789-7396-42B6-82E5-443372D71F77}.Debug|x86.ActiveCfg = Debug|Any CPU
		{5B410789-7396-42B6-82E5-443372D71F77}.Debug|x86.Build.0 = Debug|Any CPU
		{5B410789-7396-42B6-82E5-443372D71F77}.Release|Any CPU.ActiveCfg = Release|Any CPU
		{5B410789-7396-42B6-82E5-443372D71F77}.Release|Any CPU.Build.0 = Release|Any CPU
		{5B410789-7396-42B6-82E5-443372D71F77}.Release|x86.ActiveCfg = Release|Any CPU
		{5B410789-7396-42B6-82E5-443372D71F77}.Release|x86.Build.0 = Release|Any CPU
	EndGlobalSection
	GlobalSection(SolutionProperties) = preSolution
		HideSolutionNode = FALSE
	EndGlobalSection
EndGlobal
